# THIS IS AN AUTOGENERATED FILE. DO NOT EDIT THIS FILE DIRECTLY.
# yarn lockfile v1


"@babel/code-frame@7.0.0-beta.54":
  version "7.0.0-beta.54"
  resolved "https://registry.yarnpkg.com/@babel/code-frame/-/code-frame-7.0.0-beta.54.tgz#0024f96fdf7028a21d68e273afd4e953214a1ead"
  dependencies:
    "@babel/highlight" "7.0.0-beta.54"

"@babel/helper-module-imports@7.0.0-beta.54":
  version "7.0.0-beta.54"
  resolved "https://registry.yarnpkg.com/@babel/helper-module-imports/-/helper-module-imports-7.0.0-beta.54.tgz#c2d8e14ff034225bf431356db77ef467b8d35aac"
  dependencies:
    "@babel/types" "7.0.0-beta.54"
    lodash "^4.17.5"

"@babel/helper-module-transforms@7.0.0-beta.54":
  version "7.0.0-beta.54"
  resolved "https://registry.yarnpkg.com/@babel/helper-module-transforms/-/helper-module-transforms-7.0.0-beta.54.tgz#8cc57eb0db5f0945d866524d555abd084e30cc35"
  dependencies:
    "@babel/helper-module-imports" "7.0.0-beta.54"
    "@babel/helper-simple-access" "7.0.0-beta.54"
    "@babel/helper-split-export-declaration" "7.0.0-beta.54"
    "@babel/template" "7.0.0-beta.54"
    "@babel/types" "7.0.0-beta.54"
    lodash "^4.17.5"

"@babel/helper-plugin-utils@7.0.0-beta.54":
  version "7.0.0-beta.54"
  resolved "https://registry.yarnpkg.com/@babel/helper-plugin-utils/-/helper-plugin-utils-7.0.0-beta.54.tgz#61d2a9a0f9a3e31838a458debb9eebd7bdd249b4"

"@babel/helper-simple-access@7.0.0-beta.54":
  version "7.0.0-beta.54"
  resolved "https://registry.yarnpkg.com/@babel/helper-simple-access/-/helper-simple-access-7.0.0-beta.54.tgz#5f760a19589a9b6f07e80a65ef4bcbd4fba8c253"
  dependencies:
    "@babel/template" "7.0.0-beta.54"
    "@babel/types" "7.0.0-beta.54"
    lodash "^4.17.5"

"@babel/helper-split-export-declaration@7.0.0-beta.54":
  version "7.0.0-beta.54"
  resolved "https://registry.yarnpkg.com/@babel/helper-split-export-declaration/-/helper-split-export-declaration-7.0.0-beta.54.tgz#89cd8833c95481a0827ac6a1bfccddb92b75a109"
  dependencies:
    "@babel/types" "7.0.0-beta.54"

"@babel/highlight@7.0.0-beta.54":
  version "7.0.0-beta.54"
  resolved "https://registry.yarnpkg.com/@babel/highlight/-/highlight-7.0.0-beta.54.tgz#155d507358329b8e7068970017c3fd74a9b08584"
  dependencies:
    chalk "^2.0.0"
    esutils "^2.0.2"
    js-tokens "^3.0.0"

"@babel/parser@7.0.0-beta.54":
  version "7.0.0-beta.54"
  resolved "https://registry.yarnpkg.com/@babel/parser/-/parser-7.0.0-beta.54.tgz#c01aa63b57c9c8dce8744796c81d9df121f20db4"

"@babel/plugin-transform-modules-commonjs@^7.0.0-beta.54":
  version "7.0.0-beta.54"
  resolved "https://registry.yarnpkg.com/@babel/plugin-transform-modules-commonjs/-/plugin-transform-modules-commonjs-7.0.0-beta.54.tgz#07d912a7a24dad2d9bf5d44ce322ddc457a8db37"
  dependencies:
    "@babel/helper-module-transforms" "7.0.0-beta.54"
    "@babel/helper-plugin-utils" "7.0.0-beta.54"
    "@babel/helper-simple-access" "7.0.0-beta.54"

"@babel/template@7.0.0-beta.54":
  version "7.0.0-beta.54"
  resolved "https://registry.yarnpkg.com/@babel/template/-/template-7.0.0-beta.54.tgz#d5b0d2d2d55c0e78b048c61a058f36cfd7d91af3"
  dependencies:
    "@babel/code-frame" "7.0.0-beta.54"
    "@babel/parser" "7.0.0-beta.54"
    "@babel/types" "7.0.0-beta.54"
    lodash "^4.17.5"

"@babel/types@7.0.0-beta.54":
  version "7.0.0-beta.54"
  resolved "https://registry.yarnpkg.com/@babel/types/-/types-7.0.0-beta.54.tgz#025ad68492fed542c13f14c579a44c848e531063"
  dependencies:
    esutils "^2.0.2"
    lodash "^4.17.5"
    to-fast-properties "^2.0.0"

ansi-styles@^3.2.1:
  version "3.2.1"
  resolved "https://registry.yarnpkg.com/ansi-styles/-/ansi-styles-3.2.1.tgz#41fbb20243e50b12be0f04b8dedbf07520ce841d"
  dependencies:
    color-convert "^1.9.0"

chalk@^2.0.0:
  version "2.4.1"
  resolved "https://registry.yarnpkg.com/chalk/-/chalk-2.4.1.tgz#18c49ab16a037b6eb0152cc83e3471338215b66e"
  dependencies:
    ansi-styles "^3.2.1"
    escape-string-regexp "^1.0.5"
    supports-color "^5.3.0"

color-convert@^1.9.0:
  version "1.9.2"
  resolved "https://registry.yarnpkg.com/color-convert/-/color-convert-1.9.2.tgz#49881b8fba67df12a96bdf3f56c0aab9e7913147"
  dependencies:
    color-name "1.1.1"

color-name@1.1.1:
  version "1.1.1"
  resolved "https://registry.yarnpkg.com/color-name/-/color-name-1.1.1.tgz#4b1415304cf50028ea81643643bd82ea05803689"

cssjson@^2.1.3:
  version "2.1.3"
  resolved "https://registry.yarnpkg.com/cssjson/-/cssjson-2.1.3.tgz#b855aa06c5979df16bf6375a14a455e415660169"

escape-string-regexp@^1.0.5:
  version "1.0.5"
  resolved "https://registry.yarnpkg.com/escape-string-regexp/-/escape-string-regexp-1.0.5.tgz#1b61c0562190a8dff6ae3bb2cf0200ca130b86d4"

esutils@^2.0.2:
  version "2.0.2"
  resolved "https://registry.yarnpkg.com/esutils/-/esutils-2.0.2.tgz#0abf4f1caa5bcb1f7a9d8acc6dea4faaa04bac9b"

has-flag@^3.0.0:
  version "3.0.0"
  resolved "https://registry.yarnpkg.com/has-flag/-/has-flag-3.0.0.tgz#b5d454dc2199ae225699f3467e5a07f3b955bafd"

js-tokens@^3.0.0:
  version "3.0.2"
  resolved "https://registry.yarnpkg.com/js-tokens/-/js-tokens-3.0.2.tgz#9866df395102130e38f7f996bceb65443209c25b"

lodash@^4.17.10, lodash@^4.17.5:
  version "4.17.10"
  resolved "https://registry.yarnpkg.com/lodash/-/lodash-4.17.10.tgz#1b7793cf7259ea38fb3661d4d38b3260af8ae4e7"

ncp@^2.0.0:
  version "2.0.0"
  resolved "https://registry.yarnpkg.com/ncp/-/ncp-2.0.0.tgz#195a21d6c46e361d2fb1281ba38b91e9df7bdbb3"

supports-color@^5.3.0:
  version "5.4.0"
  resolved "https://registry.yarnpkg.com/supports-color/-/supports-color-5.4.0.tgz#1c6b337402c2137605efe19f10fec390f6faab54"
  dependencies:
    has-flag "^3.0.0"

to-fast-properties@^2.0.0:
  version "2.0.0"
  resolved "https://registry.yarnpkg.com/to-fast-properties/-/to-fast-properties-2.0.0.tgz#dc5e698cbd079265bc73e0377681a4e4e83f616e"
